
Microsoft Visual Studio Solution File, Format Version 12.00
# Visual Studio Version 17
VisualStudioVersion = 17.0.31903.59
MinimumVisualStudioVersion = 10.0.40219.1
Project("{2150E333-8FDC-42A3-9474-1A3956D46DE8}") = "src", "src", "{995B9D0A-6C6E-4C08-A80C-C2CDC1C55621}"
EndProject
Project("{9A19103F-16F7-4668-BE54-9A1E7A4F7556}") = "MyLibrary", "src\MyLibrary\MyLibrary.csproj", "{A6066D76-5A1F-4A2F-9A0D-5A1D682F3C95}"
EndProject
Project("{FAE04EC0-301F-11D3-BF4B-00C04F79EFBC}") = "WebApi", "src\WebApi\WebApi.csproj", "{01022E94-B4CE-4A1B-8135-F72DF1E1512C}"
EndProject
Global
	GlobalSection(SolutionConfigurationPlatforms) = preSolution
		Debug|Any CPU = Debug|Any CPU
		Release|Any CPU = Release|Any CPU
	EndGlobalSection
	GlobalSection(ProjectConfigurationPlatforms) = postSolution
		{A6066D76-5A1F-4A2F-9A0D-5A1D682F3C95}.Debug|Any CPU.ActiveCfg = Debug|Any CPU
		{A6066D76-5A1F-4A2F-9A0D-5A1D682F3C95}.Debug|Any CPU.Build.0 = Debug|Any CPU
		{A6066D76-5A1F-4A2F-9A0D-5A1D682F3C95}.Release|Any CPU.ActiveCfg = Release|Any CPU
		{A6066D76-5A1F-4A2F-9A0D-5A1D682F3C95}.Release|Any CPU.Build.0 = Release|Any CPU
		{01022E94-B4CE-4A1B-8135-F72DF1E1512C}.Debug|Any CPU.ActiveCfg = Debug|Any CPU
		{01022E94-B4CE-4A1B-8135-F72DF1E1512C}.Debug|Any CPU.Build.0 = Debug|Any CPU
		{01022E94-B4CE-4A1B-8135-F72DF1E1512C}.Release|Any CPU.ActiveCfg = Release|Any CPU
		{01022E94-B4CE-4A1B-8135-F72DF1E1512C}.Release|Any CPU.Build.0 = Release|Any CPU
	EndGlobalSection
	GlobalSection(SolutionProperties) = preSolution
		HideSolutionNode = FALSE
	EndGlobalSection
	GlobalSection(NestedProjects) = preSolution
		{A6066D76-5A1F-4A2F-9A0D-5A1D682F3C95} = {995B9D0A-6C6E-4C08-A80C-C2CDC1C55621}
		{01022E94-B4CE-4A1B-8135-F72DF1E1512C} = {995B9D0A-6C6E-4C08-A80C-C2CDC1C55621}
	EndGlobalSection
	GlobalSection(ExtensibilityGlobals) = postSolution
		SolutionGuid = {C67AFEC1-D1C9-470A-B5EF-6BE830BE9FAB}
	EndGlobalSection
EndGlobal
